{
  "originHash" : "62592ccb8c541cceb23c102892b2e197665b13a14f50667499169d28e55419c0",
  "pins" : [
    {
      "identity" : "scanbot-sdk-ios-spm",
      "kind" : "remoteSourceControl",
      "location" : "https://github.com/doo/scanbot-sdk-ios-spm.git",
      "state" : {
        "revision" : "d2b71d8cbd39ff1da9c2f875573beb4697c49cb2",
        "version" : "9.0.0"
      }
    }
  ],
  "version" : 3
}
